
Microsoft Visual Studio Solution File, Format Version 12.00
# Visual Studio Version 17
VisualStudioVersion = 17.14.36414.22 d17.14
MinimumVisualStudioVersion = 10.0.40219.1
Project("{FAE04EC0-301F-11D3-BF4B-00C04F79EFBC}") = "BasicThread", "BasicThread\BasicThread.csproj", "{DE8DCEF3-BE3D-4C66-BD8D-406B2DD3D275}"
EndProject
Global
	GlobalSection(SolutionConfigurationPlatforms) = preSolution
		Debug|Any CPU = Debug|Any CPU
		Release|Any CPU = Release|Any CPU
	EndGlobalSection
	GlobalSection(ProjectConfigurationPlatforms) = postSolution
		{DE8DCEF3-BE3D-4C66-BD8D-406B2DD3D275}.Debug|Any CPU.ActiveCfg = Debug|Any CPU
		{DE8DCEF3-BE3D-4C66-BD8D-406B2DD3D275}.Debug|Any CPU.Build.0 = Debug|Any CPU
		{DE8DCEF3-BE3D-4C66-BD8D-406B2DD3D275}.Release|Any CPU.ActiveCfg = Release|Any CPU
		{DE8DCEF3-BE3D-4C66-BD8D-406B2DD3D275}.Release|Any CPU.Build.0 = Release|Any CPU
	EndGlobalSection
	GlobalSection(SolutionProperties) = preSolution
		HideSolutionNode = FALSE
	EndGlobalSection
	GlobalSection(ExtensibilityGlobals) = postSolution
		SolutionGuid = {671D312B-5923-4365-B3D6-D9B75B20B313}
	EndGlobalSection
EndGlobal
